// !$*UTF8*$!
{
	archiveVersion = 1;
	classes = {
	};
	objectVersion = 50;
	objects = {

/* Begin PBXBuildFile section */
		491B129A2109362800CF690F /* AppDelegate.m in Sources */ = {isa = PBXBuildFile; fileRef = 491B12992109362800CF690F /* AppDelegate.m */; };
		491B129D2109362800CF690F /* ViewController.m in Sources */ = {isa = PBXBuildFile; fileRef = 491B129C2109362800CF690F /* ViewController.m */; };
		491B12A02109362800CF690F /* Main.storyboard in Resources */ = {isa = PBXBuildFile; fileRef = 491B129E2109362800CF690F /* Main.storyboard */; };
		491B12A22109362900CF690F /* Assets.xcassets in Resources */ = {isa = PBXBuildFile; fileRef = 491B12A12109362900CF690F /* Assets.xcassets */; };
		491B12A52109362900CF690F /* LaunchScreen.storyboard in Resources */ = {isa = PBXBuildFile; fileRef = 491B12A32109362900CF690F /* LaunchScreen.storyboard */; };
		491B12A82109362900CF690F /* main.m in Sources */ = {isa = PBXBuildFile; fileRef = 491B12A72109362900CF690F /* main.m */; };
		491B12B02109373000CF690F /* PlayingCardView.m in Sources */ = {isa = PBXBuildFile; fileRef = 491B12AF2109373000CF690F /* PlayingCardView.m */; };
		491B12BE2109525D00CF690F /* CardMatchingGame.m in Sources */ = {isa = PBXBuildFile; fileRef = 491B12B62109525D00CF690F /* CardMatchingGame.m */; };
		491B12BF2109525D00CF690F /* PlayingCard.m in Sources */ = {isa = PBXBuildFile; fileRef = 491B12B82109525D00CF690F /* PlayingCard.m */; };
		491B12C02109525D00CF690F /* Deck.m in Sources */ = {isa = PBXBuildFile; fileRef = 491B12BA2109525D00CF690F /* Deck.m */; };
		491B12C12109525D00CF690F /* PlayingCardDeck.m in Sources */ = {isa = PBXBuildFile; fileRef = 491B12BB2109525D00CF690F /* PlayingCardDeck.m */; };
		491B12C22109525D00CF690F /* Card.m in Sources */ = {isa = PBXBuildFile; fileRef = 491B12BC2109525D00CF690F /* Card.m */; };
/* End PBXBuildFile section */

/* Begin PBXFileReference section */
		491B12952109362800CF690F /* SuperCard.app */ = {isa = PBXFileReference; explicitFileType = wrapper.application; includeInIndex = 0; path = SuperCard.app; sourceTree = BUILT_PRODUCTS_DIR; };
		491B12982109362800CF690F /* AppDelegate.h */ = {isa = PBXFileReference; lastKnownFileType = sourcecode.c.h; path = AppDelegate.h; sourceTree = "<group>"; };
		491B12992109362800CF690F /* AppDelegate.m */ = {isa = PBXFileReference; lastKnownFileType = sourcecode.c.objc; path = AppDelegate.m; sourceTree = "<group>"; };
		491B129B2109362800CF690F /* ViewController.h */ = {isa = PBXFileReference; lastKnownFileType = sourcecode.c.h; path = ViewController.h; sourceTree = "<group>"; };
		491B129C2109362800CF690F /* ViewController.m */ = {isa = PBXFileReference; lastKnownFileType = sourcecode.c.objc; path = ViewController.m; sourceTree = "<group>"; };
		491B129F2109362800CF690F /* Base */ = {isa = PBXFileReference; lastKnownFileType = file.storyboard; name = Base; path = Base.lproj/Main.storyboard; sourceTree = "<group>"; };
		491B12A12109362900CF690F /* Assets.xcassets */ = {isa = PBXFileReference; lastKnownFileType = folder.assetcatalog; path = Assets.xcassets; sourceTree = "<group>"; };
		491B12A42109362900CF690F /* Base */ = {isa = PBXFileReference; lastKnownFileType = file.storyboard; name = Base; path = Base.lproj/LaunchScreen.storyboard; sourceTree = "<group>"; };
		491B12A62109362900CF690F /* Info.plist */ = {isa = PBXFileReference; lastKnownFileType = text.plist.xml; path = Info.plist; sourceTree = "<group>"; };
		491B12A72109362900CF690F /* main.m */ = {isa = PBXFileReference; lastKnownFileType = sourcecode.c.objc; path = main.m; sourceTree = "<group>"; };
		491B12AE2109373000CF690F /* PlayingCardView.h */ = {isa = PBXFileReference; lastKnownFileType = sourcecode.c.h; path = PlayingCardView.h; sourceTree = "<group>"; };
		491B12AF2109373000CF690F /* PlayingCardView.m */ = {isa = PBXFileReference; lastKnownFileType = sourcecode.c.objc; path = PlayingCardView.m; sourceTree = "<group>"; };
		491B12B42109525D00CF690F /* PlayingCardDeck.h */ = {isa = PBXFileReference; fileEncoding = 4; lastKnownFileType = sourcecode.c.h; path = PlayingCardDeck.h; sourceTree = "<group>"; };
		491B12B52109525D00CF690F /* Deck.h */ = {isa = PBXFileReference; fileEncoding = 4; lastKnownFileType = sourcecode.c.h; path = Deck.h; sourceTree = "<group>"; };
		491B12B62109525D00CF690F /* CardMatchingGame.m */ = {isa = PBXFileReference; fileEncoding = 4; lastKnownFileType = sourcecode.c.objc; path = CardMatchingGame.m; sourceTree = "<group>"; };
		491B12B72109525D00CF690F /* Card.h */ = {isa = PBXFileReference; fileEncoding = 4; lastKnownFileType = sourcecode.c.h; path = Card.h; sourceTree = "<group>"; };
		491B12B82109525D00CF690F /* PlayingCard.m */ = {isa = PBXFileReference; fileEncoding = 4; lastKnownFileType = sourcecode.c.objc; path = PlayingCard.m; sourceTree = "<group>"; };
		491B12B92109525D00CF690F /* CardMatchingGame.h */ = {isa = PBXFileReference; fileEncoding = 4; lastKnownFileType = sourcecode.c.h; path = CardMatchingGame.h; sourceTree = "<group>"; };
		491B12BA2109525D00CF690F /* Deck.m */ = {isa = PBXFileReference; fileEncoding = 4; lastKnownFileType = sourcecode.c.objc; path = Deck.m; sourceTree = "<group>"; };
		491B12BB2109525D00CF690F /* PlayingCardDeck.m */ = {isa = PBXFileReference; fileEncoding = 4; lastKnownFileType = sourcecode.c.objc; path = PlayingCardDeck.m; sourceTree = "<group>"; };
		491B12BC2109525D00CF690F /* Card.m */ = {isa = PBXFileReference; fileEncoding = 4; lastKnownFileType = sourcecode.c.objc; path = Card.m; sourceTree = "<group>"; };
		491B12BD2109525D00CF690F /* PlayingCard.h */ = {isa = PBXFileReference; fileEncoding = 4; lastKnownFileType = sourcecode.c.h; path = PlayingCard.h; sourceTree = "<group>"; };
/* End PBXFileReference section */

/* Begin PBXFrameworksBuildPhase section */
		491B12922109362800CF690F /* Frameworks */ = {
			isa = PBXFrameworksBuildPhase;
			buildActionMask = 2147483647;
			files = (
			);
			runOnlyForDeploymentPostprocessing = 0;
		};
/* End PBXFrameworksBuildPhase section */

/* Begin PBXGroup section */
		491B128C2109362800CF690F = {
			isa = PBXGroup;
			children = (
				491B12972109362800CF690F /* SuperCard */,
				491B12962109362800CF690F /* Products */,
			);
			sourceTree = "<group>";
		};
		491B12962109362800CF690F /* Products */ = {
			isa = PBXGroup;
			children = (
				491B12952109362800CF690F /* SuperCard.app */,
			);
			name = Products;
			sourceTree = "<group>";
		};
		491B12972109362800CF690F /* SuperCard */ = {
			isa = PBXGroup;
			children = (
				491B12982109362800CF690F /* AppDelegate.h */,
				491B12992109362800CF690F /* AppDelegate.m */,
				491B129B2109362800CF690F /* ViewController.h */,
				491B129C2109362800CF690F /* ViewController.m */,
				491B12AE2109373000CF690F /* PlayingCardView.h */,
				491B12AF2109373000CF690F /* PlayingCardView.m */,
				491B129E2109362800CF690F /* Main.storyboard */,
				491B12B32109525D00CF690F /* Model */,
				491B12A12109362900CF690F /* Assets.xcassets */,
				491B12A32109362900CF690F /* LaunchScreen.storyboard */,
				491B12A62109362900CF690F /* Info.plist */,
				491B12A72109362900CF690F /* main.m */,
			);
			path = SuperCard;
			sourceTree = "<group>";
		};
		491B12B32109525D00CF690F /* Model */ = {
			isa = PBXGroup;
			children = (
				491B12B42109525D00CF690F /* PlayingCardDeck.h */,
				491B12B52109525D00CF690F /* Deck.h */,
				491B12B62109525D00CF690F /* CardMatchingGame.m */,
				491B12B72109525D00CF690F /* Card.h */,
				491B12B82109525D00CF690F /* PlayingCard.m */,
				491B12B92109525D00CF690F /* CardMatchingGame.h */,
				491B12BA2109525D00CF690F /* Deck.m */,
				491B12BB2109525D00CF690F /* PlayingCardDeck.m */,
				491B12BC2109525D00CF690F /* Card.m */,
				491B12BD2109525D00CF690F /* PlayingCard.h */,
			);
			path = Model;
			sourceTree = "<group>";
		};
/* End PBXGroup section */

/* Begin PBXNativeTarget section */
		491B12942109362800CF690F /* SuperCard */ = {
			isa = PBXNativeTarget;
			buildConfigurationList = 491B12AB2109362900CF690F /* Build configuration list for PBXNativeTarget "SuperCard" */;
			buildPhases = (
				491B12912109362800CF690F /* Sources */,
				491B12922109362800CF690F /* Frameworks */,
				491B12932109362800CF690F /* Resources */,
			);
			buildRules = (
			);
			dependencies = (
			);
			name = SuperCard;
			productName = SuperCard;
			productReference = 491B12952109362800CF690F /* SuperCard.app */;
			productType = "com.apple.product-type.application";
		};
/* End PBXNativeTarget section */

/* Begin PBXProject section */
		491B128D2109362800CF690F /* Project object */ = {
			isa = PBXProject;
			attributes = {
				LastUpgradeCheck = 0940;
				ORGANIZATIONNAME = "李键超";
				TargetAttributes = {
					491B12942109362800CF690F = {
						CreatedOnToolsVersion = 9.4.1;
					};
				};
			};
			buildConfigurationList = 491B12902109362800CF690F /* Build configuration list for PBXProject "SuperCard" */;
			compatibilityVersion = "Xcode 9.3";
			developmentRegion = en;
			hasScannedForEncodings = 0;
			knownRegions = (
				en,
				Base,
			);
			mainGroup = 491B128C2109362800CF690F;
			productRefGroup = 491B12962109362800CF690F /* Products */;
			projectDirPath = "";
			projectRoot = "";
			targets = (
				491B12942109362800CF690F /* SuperCard */,
			);
		};
/* End PBXProject section */

/* Begin PBXResourcesBuildPhase section */
		491B12932109362800CF690F /* Resources */ = {
			isa = PBXResourcesBuildPhase;
			buildActionMask = 2147483647;
			files = (
				491B12A52109362900CF690F /* LaunchScreen.storyboard in Resources */,
				491B12A22109362900CF690F /* Assets.xcassets in Resources */,
				491B12A02109362800CF690F /* Main.storyboard in Resources */,
			);
			runOnlyForDeploymentPostprocessing = 0;
		};
/* End PBXResourcesBuildPhase section */

/* Begin PBXSourcesBuildPhase section */
		491B12912109362800CF690F /* Sources */ = {
			isa = PBXSourcesBuildPhase;
			buildActionMask = 2147483647;
			files = (
				491B12BF2109525D00CF690F /* PlayingCard.m in Sources */,
				491B12C12109525D00CF690F /* PlayingCardDeck.m in Sources */,
				491B12C02109525D00CF690F /* Deck.m in Sources */,
				491B129D2109362800CF690F /* ViewController.m in Sources */,
				491B12B02109373000CF690F /* PlayingCardView.m in Sources */,
				491B12C22109525D00CF690F /* Card.m in Sources */,
				491B12BE2109525D00CF690F /* CardMatchingGame.m in Sources */,
				491B12A82109362900CF690F /* main.m in Sources */,
				491B129A2109362800CF690F /* AppDelegate.m in Sources */,
			);
			runOnlyForDeploymentPostprocessing = 0;
		};
/* End PBXSourcesBuildPhase section */

/* Begin PBXVariantGroup section */
		491B129E2109362800CF690F /* Main.storyboard */ = {
			isa = PBXVariantGroup;
			children = (
				491B129F2109362800CF690F /* Base */,
			);
			name = Main.storyboard;
			sourceTree = "<group>";
		};
		491B12A32109362900CF690F /* LaunchScreen.storyboard */ = {
			isa = PBXVariantGroup;
			children = (
				491B12A42109362900CF690F /* Base */,
			);
			name = LaunchScreen.storyboard;
			sourceTree = "<group>";
		};
/* End PBXVariantGroup section */

/* Begin XCBuildConfiguration section */
		491B12A92109362900CF690F /* Debug */ = {
			isa = XCBuildConfiguration;
			buildSettings = {
				ALWAYS_SEARCH_USER_PATHS = NO;
				CLANG_ANALYZER_NONNULL = YES;
				CLANG_ANALYZER_NUMBER_OBJECT_CONVERSION = YES_AGGRESSIVE;
				CLANG_CXX_LANGUAGE_STANDARD = "gnu++14";
				CLANG_CXX_LIBRARY = "libc++";
				CLANG_ENABLE_MODULES = YES;
				CLANG_ENABLE_OBJC_ARC = YES;
				CLANG_ENABLE_OBJC_WEAK = YES;
				CLANG_WARN_BLOCK_CAPTURE_AUTORELEASING = YES;
				CLANG_WARN_BOOL_CONVERSION = YES;
				CLANG_WARN_COMMA = YES;
				CLANG_WARN_CONSTANT_CONVERSION = YES;
				CLANG_WARN_DEPRECATED_OBJC_IMPLEMENTATIONS = YES;
				CLANG_WARN_DIRECT_OBJC_ISA_USAGE = YES_ERROR;
				CLANG_WARN_DOCUMENTATION_COMMENTS = YES;
				CLANG_WARN_EMPTY_BODY = YES;
				CLANG_WARN_ENUM_CONVERSION = YES;
				CLANG_WARN_INFINITE_RECURSION = YES;
				CLANG_WARN_INT_CONVERSION = YES;
				CLANG_WARN_NON_LITERAL_NULL_CONVERSION = YES;
				CLANG_WARN_OBJC_IMPLICIT_RETAIN_SELF = YES;
				CLANG_WARN_OBJC_LITERAL_CONVERSION = YES;
				CLANG_WARN_OBJC_ROOT_CLASS = YES_ERROR;
				CLANG_WARN_RANGE_LOOP_ANALYSIS = YES;
				CLANG_WARN_STRICT_PROTOTYPES = YES;
				CLANG_WARN_SUSPICIOUS_MOVE = YES;
				CLANG_WARN_UNGUARDED_AVAILABILITY = YES_AGGRESSIVE;
				CLANG_WARN_UNREACHABLE_CODE = YES;
				CLANG_WARN__DUPLICATE_METHOD_MATCH = YES;
				CODE_SIGN_IDENTITY = "iPhone Developer";
				COPY_PHASE_STRIP = NO;
				DEBUG_INFORMATION_FORMAT = dwarf;
				ENABLE_STRICT_OBJC_MSGSEND = YES;
				ENABLE_TESTABILITY = YES;
				GCC_C_LANGUAGE_STANDARD = gnu11;
				GCC_DYNAMIC_NO_PIC = NO;
				GCC_NO_COMMON_BLOCKS = YES;
				GCC_OPTIMIZATION_LEVEL = 0;
				GCC_PREPROCESSOR_DEFINITIONS = (
					"DEBUG=1",
					"$(inherited)",
				);
				GCC_WARN_64_TO_32_BIT_CONVERSION = YES;
				GCC_WARN_ABOUT_RETURN_TYPE = YES_ERROR;
				GCC_WARN_UNDECLARED_SELECTOR = YES;
				GCC_WARN_UNINITIALIZED_AUTOS = YES_AGGRESSIVE;
				GCC_WARN_UNUSED_FUNCTION = YES;
				GCC_WARN_UNUSED_VARIABLE = YES;
				IPHONEOS_DEPLOYMENT_TARGET = 11.4;
				MTL_ENABLE_DEBUG_INFO = YES;
				ONLY_ACTIVE_ARCH = YES;
				SDKROOT = iphoneos;
			};
			name = Debug;
		};
		491B12AA2109362900CF690F /* Release */ = {
			isa = XCBuildConfiguration;
			buildSettings = {
				ALWAYS_SEARCH_USER_PATHS = NO;
				CLANG_ANALYZER_NONNULL = YES;
				CLANG_ANALYZER_NUMBER_OBJECT_CONVERSION = YES_AGGRESSIVE;
				CLANG_CXX_LANGUAGE_STANDARD = "gnu++14";
				CLANG_CXX_LIBRARY = "libc++";
				CLANG_ENABLE_MODULES = YES;
				CLANG_ENABLE_OBJC_ARC = YES;
				CLANG_ENABLE_OBJC_WEAK = YES;
				CLANG_WARN_BLOCK_CAPTURE_AUTORELEASING = YES;
				CLANG_WARN_BOOL_CONVERSION = YES;
				CLANG_WARN_COMMA = YES;
				CLANG_WARN_CONSTANT_CONVERSION = YES;
				CLANG_WARN_DEPRECATED_OBJC_IMPLEMENTATIONS = YES;
				CLANG_WARN_DIRECT_OBJC_ISA_USAGE = YES_ERROR;
				CLANG_WARN_DOCUMENTATION_COMMENTS = YES;
				CLANG_WARN_EMPTY_BODY = YES;
				CLANG_WARN_ENUM_CONVERSION = YES;
				CLANG_WARN_INFINITE_RECURSION = YES;
				CLANG_WARN_INT_CONVERSION = YES;
				CLANG_WARN_NON_LITERAL_NULL_CONVERSION = YES;
				CLANG_WARN_OBJC_IMPLICIT_RETAIN_SELF = YES;
				CLANG_WARN_OBJC_LITERAL_CONVERSION = YES;
				CLANG_WARN_OBJC_ROOT_CLASS = YES_ERROR;
				CLANG_WARN_RANGE_LOOP_ANALYSIS = YES;
				CLANG_WARN_STRICT_PROTOTYPES = YES;
				CLANG_WARN_SUSPICIOUS_MOVE = YES;
				CLANG_WARN_UNGUARDED_AVAILABILITY = YES_AGGRESSIVE;
				CLANG_WARN_UNREACHABLE_CODE = YES;
				CLANG_WARN__DUPLICATE_METHOD_MATCH = YES;
				CODE_SIGN_IDENTITY = "iPhone Developer";
				COPY_PHASE_STRIP = NO;
				DEBUG_INFORMATION_FORMAT = "dwarf-with-dsym";
				ENABLE_NS_ASSERTIONS = NO;
				ENABLE_STRICT_OBJC_MSGSEND = YES;
				GCC_C_LANGUAGE_STANDARD = gnu11;
				GCC_NO_COMMON_BLOCKS = YES;
				GCC_WARN_64_TO_32_BIT_CONVERSION = YES;
				GCC_WARN_ABOUT_RETURN_TYPE = YES_ERROR;
				GCC_WARN_UNDECLARED_SELECTOR = YES;
				GCC_WARN_UNINITIALIZED_AUTOS = YES_AGGRESSIVE;
				GCC_WARN_UNUSED_FUNCTION = YES;
				GCC_WARN_UNUSED_VARIABLE = YES;
				IPHONEOS_DEPLOYMENT_TARGET = 11.4;
				MTL_ENABLE_DEBUG_INFO = NO;
				SDKROOT = iphoneos;
				VALIDATE_PRODUCT = YES;
			};
			name = Release;
		};
		491B12AC2109362900CF690F /* Debug */ = {
			isa = XCBuildConfiguration;
			buildSettings = {
				ASSETCATALOG_COMPILER_APPICON_NAME = AppIcon;
				CODE_SIGN_STYLE = Automatic;
				DEVELOPMENT_TEAM = 76D3AFCN9H;
				INFOPLIST_FILE = SuperCard/Info.plist;
				LD_RUNPATH_SEARCH_PATHS = (
					"$(inherited)",
					"@executable_path/Frameworks",
				);
				PRODUCT_BUNDLE_IDENTIFIER = Personal.SuperCard;
				PRODUCT_NAME = "$(TARGET_NAME)";
				TARGETED_DEVICE_FAMILY = "1,2";
			};
			name = Debug;
		};
		491B12AD2109362900CF690F /* Release */ = {
			isa = XCBuildConfiguration;
			buildSettings = {
				ASSETCATALOG_COMPILER_APPICON_NAME = AppIcon;
				CODE_SIGN_STYLE = Automatic;
				DEVELOPMENT_TEAM = 76D3AFCN9H;
				INFOPLIST_FILE = SuperCard/Info.plist;
				LD_RUNPATH_SEARCH_PATHS = (
					"$(inherited)",
					"@executable_path/Frameworks",
				);
				PRODUCT_BUNDLE_IDENTIFIER = Personal.SuperCard;
				PRODUCT_NAME = "$(TARGET_NAME)";
				TARGETED_DEVICE_FAMILY = "1,2";
			};
			name = Release;
		};
/* End XCBuildConfiguration section */

/* Begin XCConfigurationList section */
		491B12902109362800CF690F /* Build configuration list for PBXProject "SuperCard" */ = {
			isa = XCConfigurationList;
			buildConfigurations = (
				491B12A92109362900CF690F /* Debug */,
				491B12AA2109362900CF690F /* Release */,
			);
			defaultConfigurationIsVisible = 0;
			defaultConfigurationName = Release;
		};
		491B12AB2109362900CF690F /* Build configuration list for PBXNativeTarget "SuperCard" */ = {
			isa = XCConfigurationList;
			buildConfigurations = (
				491B12AC2109362900CF690F /* Debug */,
				491B12AD2109362900CF690F /* Release */,
			);
			defaultConfigurationIsVisible = 0;
			defaultConfigurationName = Release;
		};
/* End XCConfigurationList section */
	};
	rootObject = 491B128D2109362800CF690F /* Project object */;
}
